github.com/sultansyah/go-coba v1.0.0 h1:1wh5hGDDBI633QZ/YKqGiOmhutVPDckURTsCLqPGAuM=
github.com/sultansyah/go-coba v1.0.0/go.mod h1:cyMupVRKlux41mNvw1Er8Kh9MAlLrFyLb1GoiIfGCr0=
github.com/sultansyah/go-coba v1.1.0 h1:pjfVskPHPggsf3lmI8HcGNblU3tc3dop9Cy71mpeRLs=
github.com/sultansyah/go-coba v1.1.0/go.mod h1:cyMupVRKlux41mNvw1Er8Kh9MAlLrFyLb1GoiIfGCr0=
